
Microsoft Visual Studio Solution File, Format Version 12.00
# Visual Studio Version 16
VisualStudioVersion = 16.0.31727.386
MinimumVisualStudioVersion = 10.0.40219.1
Project("{FAE04EC0-301F-11D3-BF4B-00C04F79EFBC}") = "11_app", "11_app.csproj", "{5DFD167B-BA75-490A-B9A0-1E1C8F4A136B}"
EndProject
Global
	GlobalSection(SolutionConfigurationPlatforms) = preSolution
		Debug|Any CPU = Debug|Any CPU
		Release|Any CPU = Release|Any CPU
	EndGlobalSection
	GlobalSection(ProjectConfigurationPlatforms) = postSolution
		{5DFD167B-BA75-490A-B9A0-1E1C8F4A136B}.Debug|Any CPU.ActiveCfg = Debug|Any CPU
		{5DFD167B-BA75-490A-B9A0-1E1C8F4A136B}.Debug|Any CPU.Build.0 = Debug|Any CPU
		{5DFD167B-BA75-490A-B9A0-1E1C8F4A136B}.Release|Any CPU.ActiveCfg = Release|Any CPU
		{5DFD167B-BA75-490A-B9A0-1E1C8F4A136B}.Release|Any CPU.Build.0 = Release|Any CPU
	EndGlobalSection
	GlobalSection(SolutionProperties) = preSolution
		HideSolutionNode = FALSE
	EndGlobalSection
	GlobalSection(ExtensibilityGlobals) = postSolution
		SolutionGuid = {77C088A9-678D-4CBC-8583-31889616032A}
	EndGlobalSection
EndGlobal
